<Solution>
  <Folder Name="/_Solution Items/">
    <File Path="../.gitignore" />
    <File Path="../Benchmark.bat" />
    <File Path="../README.md" />
    <File Path=".editorconfig" />
    <File Path="NuGet.config" />
  </Folder>
  <Folder Name="/_Solution Items/workflows/">
    <File Path="../.github/workflows/ContinuousIntegration.yml" />
    <File Path="../.github/workflows/PullRequest.yml" />
  </Folder>
  <Project Path="../../Exanite.GameDev/projects/Exanite.CodeGen/Exanite.CodeGen.csproj" />
  <Project Path="../../Exanite.GameDev/projects/Exanite.Core/Exanite.Core.csproj" />
  <Project Path="../../Exanite.GameDev/projects/Exanite.Engine.Analyzers/Exanite.Engine.Analyzers.csproj" />
  <Project Path="../../Exanite.GameDev/projects/Exanite.Engine/Exanite.Engine.csproj" />
  <Project Path="../../Exanite.GameDev/projects/Myriad.Ecs/Myriad.Ecs/Myriad.Ecs.csproj" />
  <Project Path="Ecs.CSharp.Benchmark/Ecs.CSharp.Benchmark.csproj" />
</Solution>
